
Microsoft Visual Studio Solution File, Format Version 12.00
# Visual Studio 2017
Project("{FAE04EC0-301F-11D3-BF4B-00C04F79EFBC}") = "TemplateRepo - Copy", "TemplateRepo - Copy.csproj", "{0B37D5E3-6873-BA62-2883-11FB05B4C1BD}"
EndProject
Project("{FAE04EC0-301F-11D3-BF4B-00C04F79EFBC}") = "TemplateRepo - Copy.Editor", "TemplateRepo - Copy.Editor.csproj", "{68C78B60-EF9F-5A49-11E8-BA6BD4BDC209}"
EndProject
Project("{FAE04EC0-301F-11D3-BF4B-00C04F79EFBC}") = "UnitTestProject", "..\UnitTestProject\UnitTestProject.csproj", "{9FB2DCB9-4337-44B4-8997-481C893F9C62}"
EndProject
Global
	GlobalSection(SolutionConfigurationPlatforms) = preSolution
		Debug|Any CPU = Debug|Any CPU
		Release|Any CPU = Release|Any CPU
	EndGlobalSection
	GlobalSection(ProjectConfigurationPlatforms) = postSolution
		{0B37D5E3-6873-BA62-2883-11FB05B4C1BD}.Debug|Any CPU.ActiveCfg = Debug|Any CPU
		{0B37D5E3-6873-BA62-2883-11FB05B4C1BD}.Debug|Any CPU.Build.0 = Debug|Any CPU
		{0B37D5E3-6873-BA62-2883-11FB05B4C1BD}.Release|Any CPU.ActiveCfg = Release|Any CPU
		{0B37D5E3-6873-BA62-2883-11FB05B4C1BD}.Release|Any CPU.Build.0 = Release|Any CPU
		{68C78B60-EF9F-5A49-11E8-BA6BD4BDC209}.Debug|Any CPU.ActiveCfg = Debug|Any CPU
		{68C78B60-EF9F-5A49-11E8-BA6BD4BDC209}.Debug|Any CPU.Build.0 = Debug|Any CPU
		{68C78B60-EF9F-5A49-11E8-BA6BD4BDC209}.Release|Any CPU.ActiveCfg = Release|Any CPU
		{68C78B60-EF9F-5A49-11E8-BA6BD4BDC209}.Release|Any CPU.Build.0 = Release|Any CPU
		{9FB2DCB9-4337-44B4-8997-481C893F9C62}.Debug|Any CPU.ActiveCfg = Debug|Any CPU
		{9FB2DCB9-4337-44B4-8997-481C893F9C62}.Debug|Any CPU.Build.0 = Debug|Any CPU
		{9FB2DCB9-4337-44B4-8997-481C893F9C62}.Release|Any CPU.ActiveCfg = Release|Any CPU
		{9FB2DCB9-4337-44B4-8997-481C893F9C62}.Release|Any CPU.Build.0 = Release|Any CPU
	EndGlobalSection
	GlobalSection(SolutionProperties) = preSolution
		HideSolutionNode = FALSE
	EndGlobalSection
EndGlobal
